{
  "requires": true,
  "lockfileVersion": 1,
  "dependencies": {
    "lodash": {
      "version": "4.17.19",
      "resolved": "https://registry.npmjs.org/lodash/-/lodash-4.17.19.tgz",
      "integrity": "sha512-JNvd8XER9GQX0v2qJgsaN/mzFCNA5BRe/j8JN9d+tWyGLSodKQHKFicdwNYzWwI3wjRnaKPsGj1XkBjx/F96DQ==",
      "dev": true
    },
    "ts-mockito": {
      "version": "2.6.1",
      "resolved": "https://registry.npmjs.org/ts-mockito/-/ts-mockito-2.6.1.tgz",
      "integrity": "sha512-qU9m/oEBQrKq5hwfbJ7MgmVN5Gu6lFnIGWvpxSjrqq6YYEVv+RwVFWySbZMBgazsWqv6ctAyVBpo9TmAxnOEKw==",
      "dev": true,
      "requires": {
        "lodash": "^4.17.5"
      }
    }
  }
}
